
Microsoft Visual Studio Solution File, Format Version 12.00
# Visual Studio Version 17
VisualStudioVersion = 17.13.35931.197
MinimumVisualStudioVersion = 10.0.40219.1
Project("{FAE04EC0-301F-11D3-BF4B-00C04F79EFBC}") = "BeReadyForExam", "BeReadyForExam.csproj", "{08FF433D-3811-4B61-9B9A-9A317CBDAC27}"
EndProject
Global
	GlobalSection(SolutionConfigurationPlatforms) = preSolution
		Debug|Any CPU = Debug|Any CPU
		Release|Any CPU = Release|Any CPU
	EndGlobalSection
	GlobalSection(ProjectConfigurationPlatforms) = postSolution
		{08FF433D-3811-4B61-9B9A-9A317CBDAC27}.Debug|Any CPU.ActiveCfg = Debug|Any CPU
		{08FF433D-3811-4B61-9B9A-9A317CBDAC27}.Debug|Any CPU.Build.0 = Debug|Any CPU
		{08FF433D-3811-4B61-9B9A-9A317CBDAC27}.Release|Any CPU.ActiveCfg = Release|Any CPU
		{08FF433D-3811-4B61-9B9A-9A317CBDAC27}.Release|Any CPU.Build.0 = Release|Any CPU
	EndGlobalSection
	GlobalSection(SolutionProperties) = preSolution
		HideSolutionNode = FALSE
	EndGlobalSection
	GlobalSection(ExtensibilityGlobals) = postSolution
		SolutionGuid = {2F21105C-0EB7-4FAC-BA4A-D96E813D3D32}
	EndGlobalSection
EndGlobal
